
Microsoft Visual Studio Solution File, Format Version 12.00
# Visual Studio Version 16
VisualStudioVersion = 16.0.29403.142
MinimumVisualStudioVersion = 10.0.40219.1
Project("{FAE04EC0-301F-11D3-BF4B-00C04F79EFBC}") = "ReversesWords", "ReversesWords.csproj", "{711EB076-4844-4C31-96CD-564426101FBD}"
EndProject
Global
	GlobalSection(SolutionConfigurationPlatforms) = preSolution
		Debug|Any CPU = Debug|Any CPU
		Release|Any CPU = Release|Any CPU
	EndGlobalSection
	GlobalSection(ProjectConfigurationPlatforms) = postSolution
		{711EB076-4844-4C31-96CD-564426101FBD}.Debug|Any CPU.ActiveCfg = Debug|Any CPU
		{711EB076-4844-4C31-96CD-564426101FBD}.Debug|Any CPU.Build.0 = Debug|Any CPU
		{711EB076-4844-4C31-96CD-564426101FBD}.Release|Any CPU.ActiveCfg = Release|Any CPU
		{711EB076-4844-4C31-96CD-564426101FBD}.Release|Any CPU.Build.0 = Release|Any CPU
	EndGlobalSection
	GlobalSection(SolutionProperties) = preSolution
		HideSolutionNode = FALSE
	EndGlobalSection
	GlobalSection(ExtensibilityGlobals) = postSolution
		SolutionGuid = {B2E7B9FD-73B3-4601-840E-93F49CCC6D0D}
	EndGlobalSection
EndGlobal
